
Microsoft Visual Studio Solution File, Format Version 12.00
# Visual Studio 15
VisualStudioVersion = 15.0.28307.572
MinimumVisualStudioVersion = 10.0.40219.1
Project("{FAE04EC0-301F-11D3-BF4B-00C04F79EFBC}") = "TechAdvancing", "TechAdvancing.csproj", "{8B94FB41-8E8E-400E-BCFB-8A7C2BDD8AD4}"
EndProject
Project("{FAE04EC0-301F-11D3-BF4B-00C04F79EFBC}") = "TechAdvancingTests", "Tech-AdvancingTests\TechAdvancingTests.csproj", "{5EB51035-B071-47DE-9EC1-BF84B9468562}"
EndProject
Global
	GlobalSection(SolutionConfigurationPlatforms) = preSolution
		Debug|Any CPU = Debug|Any CPU
		Release|Any CPU = Release|Any CPU
	EndGlobalSection
	GlobalSection(ProjectConfigurationPlatforms) = postSolution
		{8B94FB41-8E8E-400E-BCFB-8A7C2BDD8AD4}.Debug|Any CPU.ActiveCfg = Debug|Any CPU
		{8B94FB41-8E8E-400E-BCFB-8A7C2BDD8AD4}.Debug|Any CPU.Build.0 = Debug|Any CPU
		{8B94FB41-8E8E-400E-BCFB-8A7C2BDD8AD4}.Release|Any CPU.ActiveCfg = Release|Any CPU
		{8B94FB41-8E8E-400E-BCFB-8A7C2BDD8AD4}.Release|Any CPU.Build.0 = Release|Any CPU
		{5EB51035-B071-47DE-9EC1-BF84B9468562}.Debug|Any CPU.ActiveCfg = Debug|Any CPU
		{5EB51035-B071-47DE-9EC1-BF84B9468562}.Debug|Any CPU.Build.0 = Debug|Any CPU
		{5EB51035-B071-47DE-9EC1-BF84B9468562}.Release|Any CPU.ActiveCfg = Release|Any CPU
		{5EB51035-B071-47DE-9EC1-BF84B9468562}.Release|Any CPU.Build.0 = Release|Any CPU
	EndGlobalSection
	GlobalSection(SolutionProperties) = preSolution
		HideSolutionNode = FALSE
	EndGlobalSection
	GlobalSection(ExtensibilityGlobals) = postSolution
		SolutionGuid = {B8FD15D0-61E8-4D22-94AC-73D60C8D84E8}
	EndGlobalSection
EndGlobal
